
Microsoft Visual Studio Solution File, Format Version 12.00
# Visual Studio Version 17
VisualStudioVersion = 17.0.31903.59
MinimumVisualStudioVersion = 10.0.40219.1
Project("{FAE04EC0-301F-11D3-BF4B-00C04F79EFBC}") = "PetInterface", "PetInterface\PetInterface.csproj", "{6375CBB7-BD32-405D-A79D-C7E5D44826AA}"
EndProject
Project("{FAE04EC0-301F-11D3-BF4B-00C04F79EFBC}") = "PetUniverse", "PetUniverse\PetUniverse.csproj", "{832DFE86-B31E-4006-969C-5D9C11403FA7}"
EndProject
Global
	GlobalSection(SolutionConfigurationPlatforms) = preSolution
		Debug|Any CPU = Debug|Any CPU
		Release|Any CPU = Release|Any CPU
	EndGlobalSection
	GlobalSection(SolutionProperties) = preSolution
		HideSolutionNode = FALSE
	EndGlobalSection
	GlobalSection(ProjectConfigurationPlatforms) = postSolution
		{6375CBB7-BD32-405D-A79D-C7E5D44826AA}.Debug|Any CPU.ActiveCfg = Debug|Any CPU
		{6375CBB7-BD32-405D-A79D-C7E5D44826AA}.Debug|Any CPU.Build.0 = Debug|Any CPU
		{6375CBB7-BD32-405D-A79D-C7E5D44826AA}.Release|Any CPU.ActiveCfg = Release|Any CPU
		{6375CBB7-BD32-405D-A79D-C7E5D44826AA}.Release|Any CPU.Build.0 = Release|Any CPU
		{832DFE86-B31E-4006-969C-5D9C11403FA7}.Debug|Any CPU.ActiveCfg = Debug|Any CPU
		{832DFE86-B31E-4006-969C-5D9C11403FA7}.Debug|Any CPU.Build.0 = Debug|Any CPU
		{832DFE86-B31E-4006-969C-5D9C11403FA7}.Release|Any CPU.ActiveCfg = Release|Any CPU
		{832DFE86-B31E-4006-969C-5D9C11403FA7}.Release|Any CPU.Build.0 = Release|Any CPU
	EndGlobalSection
EndGlobal
